
Microsoft Visual Studio Solution File, Format Version 12.00
# Visual Studio 15
VisualStudioVersion = 15.0.27703.2047
MinimumVisualStudioVersion = 10.0.40219.1
Project("{FAE04EC0-301F-11D3-BF4B-00C04F79EFBC}") = "AlfaCrmGateway", "AlfaCrmGateway\AlfaCrmGateway.csproj", "{706600F0-0249-4F5A-A45C-88B5165D3F76}"
EndProject
Project("{FAE04EC0-301F-11D3-BF4B-00C04F79EFBC}") = "Dal.Dapper", "F:\WorkGit\Sources\Dal\Dal.Dapper\Dal.Dapper.csproj", "{796EF1D5-148C-48FE-9A4C-4C39501B10D7}"
EndProject
Project("{FAE04EC0-301F-11D3-BF4B-00C04F79EFBC}") = "Dal.Infrastructure", "F:\WorkGit\Sources\Dal\Dal.Infrastructure\Dal.Infrastructure.csproj", "{60237E42-B062-4B0B-819D-D54A37F0C809}"
EndProject
Project("{FAE04EC0-301F-11D3-BF4B-00C04F79EFBC}") = "Infrastructure", "F:\WorkGit\Sources\Infrastructure\Infrastructure.csproj", "{F960DC75-F69F-4B07-9ECF-2912227A684F}"
EndProject
Project("{FAE04EC0-301F-11D3-BF4B-00C04F79EFBC}") = "StaticContent", "F:\WorkGit\Sources\StaticContent\StaticContent.csproj", "{8758D535-0E71-44D0-B95B-781DEB9DCE4A}"
EndProject
Project("{FAE04EC0-301F-11D3-BF4B-00C04F79EFBC}") = "Core", "F:\WorkGit\Sources\Core\Core.csproj", "{B3042956-C488-4C63-A9FD-F376CE8367ED}"
EndProject
Project("{FAE04EC0-301F-11D3-BF4B-00C04F79EFBC}") = "CodeGenerator", "..\..\..\..\..\..\WORK\ERIP\pays\trunk\Sites\Admin\CodeGenerator\CodeGenerator.csproj", "{7FB632D5-9057-48BD-A2E0-E354DD4175D4}"
EndProject
Global
	GlobalSection(SolutionConfigurationPlatforms) = preSolution
		Debug|Any CPU = Debug|Any CPU
		RELEASE_AG|Any CPU = RELEASE_AG|Any CPU
		RELEASE_EM|Any CPU = RELEASE_EM|Any CPU
		RELEASE_OV|Any CPU = RELEASE_OV|Any CPU
		Release|Any CPU = Release|Any CPU
	EndGlobalSection
	GlobalSection(ProjectConfigurationPlatforms) = postSolution
		{706600F0-0249-4F5A-A45C-88B5165D3F76}.Debug|Any CPU.ActiveCfg = Debug|Any CPU
		{706600F0-0249-4F5A-A45C-88B5165D3F76}.Debug|Any CPU.Build.0 = Debug|Any CPU
		{706600F0-0249-4F5A-A45C-88B5165D3F76}.RELEASE_AG|Any CPU.ActiveCfg = Release|Any CPU
		{706600F0-0249-4F5A-A45C-88B5165D3F76}.RELEASE_AG|Any CPU.Build.0 = Release|Any CPU
		{706600F0-0249-4F5A-A45C-88B5165D3F76}.RELEASE_EM|Any CPU.ActiveCfg = Release|Any CPU
		{706600F0-0249-4F5A-A45C-88B5165D3F76}.RELEASE_EM|Any CPU.Build.0 = Release|Any CPU
		{706600F0-0249-4F5A-A45C-88B5165D3F76}.RELEASE_OV|Any CPU.ActiveCfg = Release|Any CPU
		{706600F0-0249-4F5A-A45C-88B5165D3F76}.RELEASE_OV|Any CPU.Build.0 = Release|Any CPU
		{706600F0-0249-4F5A-A45C-88B5165D3F76}.Release|Any CPU.ActiveCfg = Release|Any CPU
		{706600F0-0249-4F5A-A45C-88B5165D3F76}.Release|Any CPU.Build.0 = Release|Any CPU
		{796EF1D5-148C-48FE-9A4C-4C39501B10D7}.Debug|Any CPU.ActiveCfg = Debug|Any CPU
		{796EF1D5-148C-48FE-9A4C-4C39501B10D7}.Debug|Any CPU.Build.0 = Debug|Any CPU
		{796EF1D5-148C-48FE-9A4C-4C39501B10D7}.RELEASE_AG|Any CPU.ActiveCfg = RELEASE_AG|Any CPU
		{796EF1D5-148C-48FE-9A4C-4C39501B10D7}.RELEASE_AG|Any CPU.Build.0 = RELEASE_AG|Any CPU
		{796EF1D5-148C-48FE-9A4C-4C39501B10D7}.RELEASE_EM|Any CPU.ActiveCfg = RELEASE_AG|Any CPU
		{796EF1D5-148C-48FE-9A4C-4C39501B10D7}.RELEASE_EM|Any CPU.Build.0 = RELEASE_AG|Any CPU
		{796EF1D5-148C-48FE-9A4C-4C39501B10D7}.RELEASE_OV|Any CPU.ActiveCfg = RELEASE_AG|Any CPU
		{796EF1D5-148C-48FE-9A4C-4C39501B10D7}.RELEASE_OV|Any CPU.Build.0 = RELEASE_AG|Any CPU
		{796EF1D5-148C-48FE-9A4C-4C39501B10D7}.Release|Any CPU.ActiveCfg = Release|Any CPU
		{796EF1D5-148C-48FE-9A4C-4C39501B10D7}.Release|Any CPU.Build.0 = Release|Any CPU
		{60237E42-B062-4B0B-819D-D54A37F0C809}.Debug|Any CPU.ActiveCfg = Debug|Any CPU
		{60237E42-B062-4B0B-819D-D54A37F0C809}.Debug|Any CPU.Build.0 = Debug|Any CPU
		{60237E42-B062-4B0B-819D-D54A37F0C809}.RELEASE_AG|Any CPU.ActiveCfg = RELEASE_AG|Any CPU
		{60237E42-B062-4B0B-819D-D54A37F0C809}.RELEASE_AG|Any CPU.Build.0 = RELEASE_AG|Any CPU
		{60237E42-B062-4B0B-819D-D54A37F0C809}.RELEASE_EM|Any CPU.ActiveCfg = RELEASE_AG|Any CPU
		{60237E42-B062-4B0B-819D-D54A37F0C809}.RELEASE_EM|Any CPU.Build.0 = RELEASE_AG|Any CPU
		{60237E42-B062-4B0B-819D-D54A37F0C809}.RELEASE_OV|Any CPU.ActiveCfg = RELEASE_AG|Any CPU
		{60237E42-B062-4B0B-819D-D54A37F0C809}.RELEASE_OV|Any CPU.Build.0 = RELEASE_AG|Any CPU
		{60237E42-B062-4B0B-819D-D54A37F0C809}.Release|Any CPU.ActiveCfg = Release|Any CPU
		{60237E42-B062-4B0B-819D-D54A37F0C809}.Release|Any CPU.Build.0 = Release|Any CPU
		{F960DC75-F69F-4B07-9ECF-2912227A684F}.Debug|Any CPU.ActiveCfg = Debug|Any CPU
		{F960DC75-F69F-4B07-9ECF-2912227A684F}.Debug|Any CPU.Build.0 = Debug|Any CPU
		{F960DC75-F69F-4B07-9ECF-2912227A684F}.RELEASE_AG|Any CPU.ActiveCfg = RELEASE_AG|Any CPU
		{F960DC75-F69F-4B07-9ECF-2912227A684F}.RELEASE_AG|Any CPU.Build.0 = RELEASE_AG|Any CPU
		{F960DC75-F69F-4B07-9ECF-2912227A684F}.RELEASE_EM|Any CPU.ActiveCfg = RELEASE_AG|Any CPU
		{F960DC75-F69F-4B07-9ECF-2912227A684F}.RELEASE_EM|Any CPU.Build.0 = RELEASE_AG|Any CPU
		{F960DC75-F69F-4B07-9ECF-2912227A684F}.RELEASE_OV|Any CPU.ActiveCfg = RELEASE_AG|Any CPU
		{F960DC75-F69F-4B07-9ECF-2912227A684F}.RELEASE_OV|Any CPU.Build.0 = RELEASE_AG|Any CPU
		{F960DC75-F69F-4B07-9ECF-2912227A684F}.Release|Any CPU.ActiveCfg = Release|Any CPU
		{F960DC75-F69F-4B07-9ECF-2912227A684F}.Release|Any CPU.Build.0 = Release|Any CPU
		{8758D535-0E71-44D0-B95B-781DEB9DCE4A}.Debug|Any CPU.ActiveCfg = Debug|Any CPU
		{8758D535-0E71-44D0-B95B-781DEB9DCE4A}.Debug|Any CPU.Build.0 = Debug|Any CPU
		{8758D535-0E71-44D0-B95B-781DEB9DCE4A}.RELEASE_AG|Any CPU.ActiveCfg = Release|Any CPU
		{8758D535-0E71-44D0-B95B-781DEB9DCE4A}.RELEASE_AG|Any CPU.Build.0 = Release|Any CPU
		{8758D535-0E71-44D0-B95B-781DEB9DCE4A}.RELEASE_EM|Any CPU.ActiveCfg = Release|Any CPU
		{8758D535-0E71-44D0-B95B-781DEB9DCE4A}.RELEASE_EM|Any CPU.Build.0 = Release|Any CPU
		{8758D535-0E71-44D0-B95B-781DEB9DCE4A}.RELEASE_OV|Any CPU.ActiveCfg = Release|Any CPU
		{8758D535-0E71-44D0-B95B-781DEB9DCE4A}.RELEASE_OV|Any CPU.Build.0 = Release|Any CPU
		{8758D535-0E71-44D0-B95B-781DEB9DCE4A}.Release|Any CPU.ActiveCfg = Release|Any CPU
		{8758D535-0E71-44D0-B95B-781DEB9DCE4A}.Release|Any CPU.Build.0 = Release|Any CPU
		{B3042956-C488-4C63-A9FD-F376CE8367ED}.Debug|Any CPU.ActiveCfg = Debug|Any CPU
		{B3042956-C488-4C63-A9FD-F376CE8367ED}.Debug|Any CPU.Build.0 = Debug|Any CPU
		{B3042956-C488-4C63-A9FD-F376CE8367ED}.RELEASE_AG|Any CPU.ActiveCfg = Release|Any CPU
		{B3042956-C488-4C63-A9FD-F376CE8367ED}.RELEASE_AG|Any CPU.Build.0 = Release|Any CPU
		{B3042956-C488-4C63-A9FD-F376CE8367ED}.RELEASE_EM|Any CPU.ActiveCfg = Release|Any CPU
		{B3042956-C488-4C63-A9FD-F376CE8367ED}.RELEASE_EM|Any CPU.Build.0 = Release|Any CPU
		{B3042956-C488-4C63-A9FD-F376CE8367ED}.RELEASE_OV|Any CPU.ActiveCfg = Release|Any CPU
		{B3042956-C488-4C63-A9FD-F376CE8367ED}.RELEASE_OV|Any CPU.Build.0 = Release|Any CPU
		{B3042956-C488-4C63-A9FD-F376CE8367ED}.Release|Any CPU.ActiveCfg = Release|Any CPU
		{B3042956-C488-4C63-A9FD-F376CE8367ED}.Release|Any CPU.Build.0 = Release|Any CPU
		{7FB632D5-9057-48BD-A2E0-E354DD4175D4}.Debug|Any CPU.ActiveCfg = Debug|Any CPU
		{7FB632D5-9057-48BD-A2E0-E354DD4175D4}.Debug|Any CPU.Build.0 = Debug|Any CPU
		{7FB632D5-9057-48BD-A2E0-E354DD4175D4}.RELEASE_AG|Any CPU.ActiveCfg = Release|Any CPU
		{7FB632D5-9057-48BD-A2E0-E354DD4175D4}.RELEASE_AG|Any CPU.Build.0 = Release|Any CPU
		{7FB632D5-9057-48BD-A2E0-E354DD4175D4}.RELEASE_EM|Any CPU.ActiveCfg = Release|Any CPU
		{7FB632D5-9057-48BD-A2E0-E354DD4175D4}.RELEASE_EM|Any CPU.Build.0 = Release|Any CPU
		{7FB632D5-9057-48BD-A2E0-E354DD4175D4}.RELEASE_OV|Any CPU.ActiveCfg = Release|Any CPU
		{7FB632D5-9057-48BD-A2E0-E354DD4175D4}.RELEASE_OV|Any CPU.Build.0 = Release|Any CPU
		{7FB632D5-9057-48BD-A2E0-E354DD4175D4}.Release|Any CPU.ActiveCfg = Release|Any CPU
		{7FB632D5-9057-48BD-A2E0-E354DD4175D4}.Release|Any CPU.Build.0 = Release|Any CPU
	EndGlobalSection
	GlobalSection(SolutionProperties) = preSolution
		HideSolutionNode = FALSE
	EndGlobalSection
	GlobalSection(ExtensibilityGlobals) = postSolution
		SolutionGuid = {5E9BEEB7-7552-4EC2-B7F3-5EAA9922F2E6}
	EndGlobalSection
EndGlobal
